
Microsoft Visual Studio Solution File, Format Version 12.00
# Visual Studio Version 17
VisualStudioVersion = 17.11.35312.102
MinimumVisualStudioVersion = 10.0.40219.1
Project("{888888A0-9F3D-457C-B088-3A5042F75D52}") = "matrisi", "matrisi\matrisi.pyproj", "{7B463D7D-60AA-4039-8D69-A3536E10A9B7}"
EndProject
Global
	GlobalSection(SolutionConfigurationPlatforms) = preSolution
		Debug|Any CPU = Debug|Any CPU
		Release|Any CPU = Release|Any CPU
	EndGlobalSection
	GlobalSection(ProjectConfigurationPlatforms) = postSolution
		{7B463D7D-60AA-4039-8D69-A3536E10A9B7}.Debug|Any CPU.ActiveCfg = Debug|Any CPU
		{7B463D7D-60AA-4039-8D69-A3536E10A9B7}.Release|Any CPU.ActiveCfg = Release|Any CPU
	EndGlobalSection
	GlobalSection(SolutionProperties) = preSolution
		HideSolutionNode = FALSE
	EndGlobalSection
	GlobalSection(ExtensibilityGlobals) = postSolution
		SolutionGuid = {F35CED28-8669-4E10-9164-B9A62C33D573}
	EndGlobalSection
EndGlobal
